
Microsoft Visual Studio Solution File, Format Version 12.00
# Visual Studio Version 17
VisualStudioVersion = 17.12.35707.178
MinimumVisualStudioVersion = 10.0.40219.1
Project("{FAE04EC0-301F-11D3-BF4B-00C04F79EFBC}") = "Task1_1", "Task1_1\Task1_1.csproj", "{2453BB07-57B6-4871-95FA-F10FFD591531}"
EndProject
Project("{FAE04EC0-301F-11D3-BF4B-00C04F79EFBC}") = "Task2_1", "Task2_1\Task2_1.csproj", "{EAED119A-A563-41AA-987A-430BD35DD159}"
EndProject
Project("{FAE04EC0-301F-11D3-BF4B-00C04F79EFBC}") = "Task2_2", "Task2_2\Task2_2.csproj", "{FD8BAAEC-F2F6-4644-8963-2907A230EB6F}"
EndProject
Project("{FAE04EC0-301F-11D3-BF4B-00C04F79EFBC}") = "Task2_3", "Task2_3\Task2_3.csproj", "{8FA3C222-F9FF-4F80-A4F6-1F6591CDD483}"
EndProject
Project("{FAE04EC0-301F-11D3-BF4B-00C04F79EFBC}") = "Task2_4", "Task2_4\Task2_4.csproj", "{611DADD4-2D8E-494A-AB9F-6824B0CDB6DE}"
EndProject
Project("{FAE04EC0-301F-11D3-BF4B-00C04F79EFBC}") = "Task2_5", "Task2_5\Task2_5.csproj", "{67781AE3-2B57-49E1-AFBF-0984726BBDBE}"
EndProject
Project("{FAE04EC0-301F-11D3-BF4B-00C04F79EFBC}") = "Task2_6", "Task2_6\Task2_6.csproj", "{97049E8E-0282-47B4-9BC0-81727E4E89D3}"
EndProject
Project("{FAE04EC0-301F-11D3-BF4B-00C04F79EFBC}") = "Task2_7", "Task2_7\Task2_7.csproj", "{9AF84B55-00A4-425E-BF5E-47C011128514}"
EndProject
Project("{FAE04EC0-301F-11D3-BF4B-00C04F79EFBC}") = "Task3_1", "ConsoleApp1\Task3_1.csproj", "{35D6CA4B-CA28-4CA6-9048-CDC3811139BF}"
EndProject
Project("{FAE04EC0-301F-11D3-BF4B-00C04F79EFBC}") = "Task3_2", "Task3_2\Task3_2.csproj", "{3EC12C85-4172-4E8E-B926-F4D27D0AD692}"
EndProject
Project("{FAE04EC0-301F-11D3-BF4B-00C04F79EFBC}") = "Task3_3", "Task3_3\Task3_3.csproj", "{7D789746-68E0-479A-B5EC-F1F4E6F80A33}"
EndProject
Project("{FAE04EC0-301F-11D3-BF4B-00C04F79EFBC}") = "Task3_4", "Task3_4\Task3_4.csproj", "{B90EA63C-68D2-48C3-938E-AD5DD68BA87B}"
EndProject
Project("{FAE04EC0-301F-11D3-BF4B-00C04F79EFBC}") = "Task3_5", "Task3_5\Task3_5.csproj", "{8427B156-3C27-4C6B-A556-AF3556D7C148}"
EndProject
Project("{FAE04EC0-301F-11D3-BF4B-00C04F79EFBC}") = "Task3_6", "Task3_6\Task3_6.csproj", "{8BA21686-444D-4669-B30B-836FC9C81E50}"
EndProject
Project("{FAE04EC0-301F-11D3-BF4B-00C04F79EFBC}") = "Task3_7", "Task3_7\Task3_7.csproj", "{BD8C208D-E222-4BAC-BCDD-406DF10A79EF}"
EndProject
Project("{FAE04EC0-301F-11D3-BF4B-00C04F79EFBC}") = "Task3_8", "Task3_8\Task3_8.csproj", "{50C95DE2-0D59-485A-8FED-46BA25B9A1E7}"
EndProject
Project("{FAE04EC0-301F-11D3-BF4B-00C04F79EFBC}") = "Task3_9", "Task3_9\Task3_9.csproj", "{7D2D2D2F-6C84-493E-91ED-B33B4F548E09}"
EndProject
Project("{FAE04EC0-301F-11D3-BF4B-00C04F79EFBC}") = "Task3_10", "Task3_10\Task3_10.csproj", "{45A3D99D-3A26-4E3A-BBAA-A26119DE0B6A}"
EndProject
Project("{FAE04EC0-301F-11D3-BF4B-00C04F79EFBC}") = "Task3_11", "Task3_11\Task3_11.csproj", "{16A089C2-8C23-428C-BC90-21E5CF2F3E9A}"
EndProject
Project("{FAE04EC0-301F-11D3-BF4B-00C04F79EFBC}") = "Task3_12", "Task3_12\Task3_12.csproj", "{4AB0A973-2A75-4DC3-A34D-5F53164B87E5}"
EndProject
Project("{FAE04EC0-301F-11D3-BF4B-00C04F79EFBC}") = "Task4_1", "Task4_1\Task4_1.csproj", "{2F33CCA6-88DB-4BE2-A752-9D9FC2CB3267}"
EndProject
Project("{FAE04EC0-301F-11D3-BF4B-00C04F79EFBC}") = "Task4_2", "Task4_2\Task4_2.csproj", "{35053CD3-BF48-4FCC-811D-3CA30B7298B5}"
EndProject
Project("{FAE04EC0-301F-11D3-BF4B-00C04F79EFBC}") = "Task4_3", "Task4_3\Task4_3.csproj", "{362E540B-D277-42CE-9ADD-1CF78872CEB0}"
EndProject
Project("{FAE04EC0-301F-11D3-BF4B-00C04F79EFBC}") = "Task4_4", "Task4_4\Task4_4.csproj", "{9A80C299-77F3-40BC-A776-83CE6B3C0181}"
EndProject
Project("{FAE04EC0-301F-11D3-BF4B-00C04F79EFBC}") = "Task4_5", "Task4_5\Task4_5.csproj", "{942978E8-F234-4606-938B-BF5F24B15778}"
EndProject
Project("{FAE04EC0-301F-11D3-BF4B-00C04F79EFBC}") = "Task4_6", "Task4_6\Task4_6.csproj", "{AB9CEA3B-895E-47E2-AAAE-2D31CB01ABEF}"
EndProject
Project("{FAE04EC0-301F-11D3-BF4B-00C04F79EFBC}") = "Task4_7", "Task4_7\Task4_7.csproj", "{2583A2A7-88A8-495B-A9BD-C1DB6A009577}"
EndProject
Project("{FAE04EC0-301F-11D3-BF4B-00C04F79EFBC}") = "Task4_8", "Task4_8\Task4_8.csproj", "{412F1AAC-2F41-4565-9238-4C561526BCAC}"
EndProject
Project("{FAE04EC0-301F-11D3-BF4B-00C04F79EFBC}") = "Task5_1", "Task5_1\Task5_1.csproj", "{40565033-7546-4B9B-AC81-DEE5CDFEE32B}"
EndProject
Project("{FAE04EC0-301F-11D3-BF4B-00C04F79EFBC}") = "Task5_2", "Task5_2\Task5_2.csproj", "{9C119C1F-4D1E-445E-9CBA-90D7E3890B2C}"
EndProject
Project("{FAE04EC0-301F-11D3-BF4B-00C04F79EFBC}") = "Task5_3", "Task5_3\Task5_3.csproj", "{F81BA357-237A-4049-9F42-D57A94B6D25C}"
EndProject
Project("{FAE04EC0-301F-11D3-BF4B-00C04F79EFBC}") = "Task5_4", "Task5_4\Task5_4.csproj", "{48D5876C-33E1-4598-9E96-04BE11415FEE}"
EndProject
Project("{FAE04EC0-301F-11D3-BF4B-00C04F79EFBC}") = "Task5_5", "Task5_5\Task5_5.csproj", "{D2317CDD-1939-4402-8A7F-5303981EB8DC}"
EndProject
Project("{FAE04EC0-301F-11D3-BF4B-00C04F79EFBC}") = "Task5_6", "Task5_6\Task5_6.csproj", "{EA752FC4-12BE-4015-82F4-3BA77795E7A7}"
EndProject
Project("{FAE04EC0-301F-11D3-BF4B-00C04F79EFBC}") = "Task5_7", "Task5_7\Task5_7.csproj", "{CB63DB11-054C-4421-A770-8696572176F6}"
EndProject
Project("{FAE04EC0-301F-11D3-BF4B-00C04F79EFBC}") = "Task5_8", "Task5_8\Task5_8.csproj", "{52DBBD3D-C47B-42FB-B015-9E880C9A93DA}"
EndProject
Project("{FAE04EC0-301F-11D3-BF4B-00C04F79EFBC}") = "Task5_9", "Task5_9\Task5_9.csproj", "{CA6BA573-4B27-43F3-9466-1419BF5A4D6A}"
EndProject
Project("{FAE04EC0-301F-11D3-BF4B-00C04F79EFBC}") = "Task5_10", "Task5_10\Task5_10.csproj", "{97FCB349-4F03-4B3C-88E7-C027B16182F1}"
EndProject
Project("{FAE04EC0-301F-11D3-BF4B-00C04F79EFBC}") = "Task6_1", "Task6_1\Task6_1.csproj", "{65053E63-96AE-47DA-8F03-29D4942203B1}"
EndProject
Project("{FAE04EC0-301F-11D3-BF4B-00C04F79EFBC}") = "Task6_2", "Task6_2\Task6_2.csproj", "{1D0FC873-F4BE-4BD5-BFBA-13590C786F8F}"
EndProject
Project("{FAE04EC0-301F-11D3-BF4B-00C04F79EFBC}") = "Task6_3", "Task6_3\Task6_3.csproj", "{0294087F-6BB8-4C39-8A72-8A930E68495E}"
EndProject
Project("{FAE04EC0-301F-11D3-BF4B-00C04F79EFBC}") = "Task6_4", "Task6_4\Task6_4.csproj", "{46123028-DFA6-40BF-941B-5C40C218E8DC}"
EndProject
Project("{FAE04EC0-301F-11D3-BF4B-00C04F79EFBC}") = "Task6_5", "Task6_5\Task6_5.csproj", "{F98FBA02-0F14-445C-BF1D-FC40E16376B5}"
EndProject
Project("{FAE04EC0-301F-11D3-BF4B-00C04F79EFBC}") = "Task6_6", "Task6_6\Task6_6.csproj", "{F7F294E7-306E-4D81-A29B-9BCA174C7930}"
EndProject
Project("{FAE04EC0-301F-11D3-BF4B-00C04F79EFBC}") = "Task7_1", "Task7_1\Task7_1.csproj", "{4C275CA2-D631-4C54-897C-7233AE8E4761}"
EndProject
Project("{FAE04EC0-301F-11D3-BF4B-00C04F79EFBC}") = "Task7_2", "Task7_2\Task7_2.csproj", "{45030C1D-534F-46F2-BEA4-6F9E3F169545}"
EndProject
Project("{FAE04EC0-301F-11D3-BF4B-00C04F79EFBC}") = "Task7_3", "Task7_3\Task7_3.csproj", "{0E59B297-E7D7-4FBD-BEED-A1366BF36258}"
EndProject
Project("{FAE04EC0-301F-11D3-BF4B-00C04F79EFBC}") = "Task7_4", "Task7_4\Task7_4.csproj", "{C4EACA49-3FBB-4B1D-B935-ABCA1E0865D7}"
EndProject
Project("{FAE04EC0-301F-11D3-BF4B-00C04F79EFBC}") = "Task7_5", "Task7_5\Task7_5.csproj", "{EA736791-BA76-48FA-B0B3-9CE8145011D2}"
EndProject
Project("{FAE04EC0-301F-11D3-BF4B-00C04F79EFBC}") = "Task8_1", "Task8_1\Task8_1.csproj", "{0BBF7AB2-CB6C-4B3B-AB5D-413AFBC5E4F7}"
EndProject
Project("{FAE04EC0-301F-11D3-BF4B-00C04F79EFBC}") = "Task8_2", "Task8_2\Task8_2.csproj", "{12A4A748-328C-4B81-AEA8-3604345FF23B}"
EndProject
Project("{FAE04EC0-301F-11D3-BF4B-00C04F79EFBC}") = "Task9_1", "Task9_1\Task9_1.csproj", "{49349CFE-8870-4C08-93D1-8C138CFB28F0}"
EndProject
Project("{FAE04EC0-301F-11D3-BF4B-00C04F79EFBC}") = "Task9_2", "Task9_2\Task9_2.csproj", "{92E8E8CE-D1B1-4BAB-B2F0-EA07A7E87322}"
EndProject
Project("{FAE04EC0-301F-11D3-BF4B-00C04F79EFBC}") = "Task10", "Task10\Task10.csproj", "{A9171E4D-9A3D-4B89-B492-AFC3C8D4D6C4}"
EndProject
Project("{FAE04EC0-301F-11D3-BF4B-00C04F79EFBC}") = "Task11_1", "Task11_1\Task11_1.csproj", "{2235B97C-6F5A-4CA8-AAA0-73AB9727E9C9}"
EndProject
Project("{FAE04EC0-301F-11D3-BF4B-00C04F79EFBC}") = "Task11_2", "Task11_2\Task11_2.csproj", "{22209F03-BB69-4477-B4CA-46A55E45E806}"
EndProject
Project("{FAE04EC0-301F-11D3-BF4B-00C04F79EFBC}") = "Task12", "Task12\Task12.csproj", "{99B54DD4-5FD7-4E50-A6B0-1839AC1359B9}"
EndProject
Project("{FAE04EC0-301F-11D3-BF4B-00C04F79EFBC}") = "Task13_1", "Task13_1\Task13_1.csproj", "{0CC8A762-30F7-4808-B491-98A8E1564F49}"
EndProject
Project("{FAE04EC0-301F-11D3-BF4B-00C04F79EFBC}") = "Task13_2", "Task13_2\Task13_2.csproj", "{27836095-13E2-448A-AD68-5320E9601AF8}"
EndProject
Project("{FAE04EC0-301F-11D3-BF4B-00C04F79EFBC}") = "Task14_1", "Task14_1\Task14_1.csproj", "{CE0FB877-D504-496E-BDB6-80386ABDE829}"
EndProject
Global
	GlobalSection(SolutionConfigurationPlatforms) = preSolution
		Debug|Any CPU = Debug|Any CPU
		Release|Any CPU = Release|Any CPU
	EndGlobalSection
	GlobalSection(ProjectConfigurationPlatforms) = postSolution
		{2453BB07-57B6-4871-95FA-F10FFD591531}.Debug|Any CPU.ActiveCfg = Debug|Any CPU
		{2453BB07-57B6-4871-95FA-F10FFD591531}.Debug|Any CPU.Build.0 = Debug|Any CPU
		{2453BB07-57B6-4871-95FA-F10FFD591531}.Release|Any CPU.ActiveCfg = Release|Any CPU
		{2453BB07-57B6-4871-95FA-F10FFD591531}.Release|Any CPU.Build.0 = Release|Any CPU
		{EAED119A-A563-41AA-987A-430BD35DD159}.Debug|Any CPU.ActiveCfg = Debug|Any CPU
		{EAED119A-A563-41AA-987A-430BD35DD159}.Debug|Any CPU.Build.0 = Debug|Any CPU
		{EAED119A-A563-41AA-987A-430BD35DD159}.Release|Any CPU.ActiveCfg = Release|Any CPU
		{EAED119A-A563-41AA-987A-430BD35DD159}.Release|Any CPU.Build.0 = Release|Any CPU
		{FD8BAAEC-F2F6-4644-8963-2907A230EB6F}.Debug|Any CPU.ActiveCfg = Debug|Any CPU
		{FD8BAAEC-F2F6-4644-8963-2907A230EB6F}.Debug|Any CPU.Build.0 = Debug|Any CPU
		{FD8BAAEC-F2F6-4644-8963-2907A230EB6F}.Release|Any CPU.ActiveCfg = Release|Any CPU
		{FD8BAAEC-F2F6-4644-8963-2907A230EB6F}.Release|Any CPU.Build.0 = Release|Any CPU
		{8FA3C222-F9FF-4F80-A4F6-1F6591CDD483}.Debug|Any CPU.ActiveCfg = Debug|Any CPU
		{8FA3C222-F9FF-4F80-A4F6-1F6591CDD483}.Debug|Any CPU.Build.0 = Debug|Any CPU
		{8FA3C222-F9FF-4F80-A4F6-1F6591CDD483}.Release|Any CPU.ActiveCfg = Release|Any CPU
		{8FA3C222-F9FF-4F80-A4F6-1F6591CDD483}.Release|Any CPU.Build.0 = Release|Any CPU
		{611DADD4-2D8E-494A-AB9F-6824B0CDB6DE}.Debug|Any CPU.ActiveCfg = Debug|Any CPU
		{611DADD4-2D8E-494A-AB9F-6824B0CDB6DE}.Debug|Any CPU.Build.0 = Debug|Any CPU
		{611DADD4-2D8E-494A-AB9F-6824B0CDB6DE}.Release|Any CPU.ActiveCfg = Release|Any CPU
		{611DADD4-2D8E-494A-AB9F-6824B0CDB6DE}.Release|Any CPU.Build.0 = Release|Any CPU
		{67781AE3-2B57-49E1-AFBF-0984726BBDBE}.Debug|Any CPU.ActiveCfg = Debug|Any CPU
		{67781AE3-2B57-49E1-AFBF-0984726BBDBE}.Debug|Any CPU.Build.0 = Debug|Any CPU
		{67781AE3-2B57-49E1-AFBF-0984726BBDBE}.Release|Any CPU.ActiveCfg = Release|Any CPU
		{67781AE3-2B57-49E1-AFBF-0984726BBDBE}.Release|Any CPU.Build.0 = Release|Any CPU
		{97049E8E-0282-47B4-9BC0-81727E4E89D3}.Debug|Any CPU.ActiveCfg = Debug|Any CPU
		{97049E8E-0282-47B4-9BC0-81727E4E89D3}.Debug|Any CPU.Build.0 = Debug|Any CPU
		{97049E8E-0282-47B4-9BC0-81727E4E89D3}.Release|Any CPU.ActiveCfg = Release|Any CPU
		{97049E8E-0282-47B4-9BC0-81727E4E89D3}.Release|Any CPU.Build.0 = Release|Any CPU
		{9AF84B55-00A4-425E-BF5E-47C011128514}.Debug|Any CPU.ActiveCfg = Debug|Any CPU
		{9AF84B55-00A4-425E-BF5E-47C011128514}.Debug|Any CPU.Build.0 = Debug|Any CPU
		{9AF84B55-00A4-425E-BF5E-47C011128514}.Release|Any CPU.ActiveCfg = Release|Any CPU
		{9AF84B55-00A4-425E-BF5E-47C011128514}.Release|Any CPU.Build.0 = Release|Any CPU
		{35D6CA4B-CA28-4CA6-9048-CDC3811139BF}.Debug|Any CPU.ActiveCfg = Debug|Any CPU
		{35D6CA4B-CA28-4CA6-9048-CDC3811139BF}.Debug|Any CPU.Build.0 = Debug|Any CPU
		{35D6CA4B-CA28-4CA6-9048-CDC3811139BF}.Release|Any CPU.ActiveCfg = Release|Any CPU
		{35D6CA4B-CA28-4CA6-9048-CDC3811139BF}.Release|Any CPU.Build.0 = Release|Any CPU
		{3EC12C85-4172-4E8E-B926-F4D27D0AD692}.Debug|Any CPU.ActiveCfg = Debug|Any CPU
		{3EC12C85-4172-4E8E-B926-F4D27D0AD692}.Debug|Any CPU.Build.0 = Debug|Any CPU
		{3EC12C85-4172-4E8E-B926-F4D27D0AD692}.Release|Any CPU.ActiveCfg = Release|Any CPU
		{3EC12C85-4172-4E8E-B926-F4D27D0AD692}.Release|Any CPU.Build.0 = Release|Any CPU
		{7D789746-68E0-479A-B5EC-F1F4E6F80A33}.Debug|Any CPU.ActiveCfg = Debug|Any CPU
		{7D789746-68E0-479A-B5EC-F1F4E6F80A33}.Debug|Any CPU.Build.0 = Debug|Any CPU
		{7D789746-68E0-479A-B5EC-F1F4E6F80A33}.Release|Any CPU.ActiveCfg = Release|Any CPU
		{7D789746-68E0-479A-B5EC-F1F4E6F80A33}.Release|Any CPU.Build.0 = Release|Any CPU
		{B90EA63C-68D2-48C3-938E-AD5DD68BA87B}.Debug|Any CPU.ActiveCfg = Debug|Any CPU
		{B90EA63C-68D2-48C3-938E-AD5DD68BA87B}.Debug|Any CPU.Build.0 = Debug|Any CPU
		{B90EA63C-68D2-48C3-938E-AD5DD68BA87B}.Release|Any CPU.ActiveCfg = Release|Any CPU
		{B90EA63C-68D2-48C3-938E-AD5DD68BA87B}.Release|Any CPU.Build.0 = Release|Any CPU
		{8427B156-3C27-4C6B-A556-AF3556D7C148}.Debug|Any CPU.ActiveCfg = Debug|Any CPU
		{8427B156-3C27-4C6B-A556-AF3556D7C148}.Debug|Any CPU.Build.0 = Debug|Any CPU
		{8427B156-3C27-4C6B-A556-AF3556D7C148}.Release|Any CPU.ActiveCfg = Release|Any CPU
		{8427B156-3C27-4C6B-A556-AF3556D7C148}.Release|Any CPU.Build.0 = Release|Any CPU
		{8BA21686-444D-4669-B30B-836FC9C81E50}.Debug|Any CPU.ActiveCfg = Debug|Any CPU
		{8BA21686-444D-4669-B30B-836FC9C81E50}.Debug|Any CPU.Build.0 = Debug|Any CPU
		{8BA21686-444D-4669-B30B-836FC9C81E50}.Release|Any CPU.ActiveCfg = Release|Any CPU
		{8BA21686-444D-4669-B30B-836FC9C81E50}.Release|Any CPU.Build.0 = Release|Any CPU
		{BD8C208D-E222-4BAC-BCDD-406DF10A79EF}.Debug|Any CPU.ActiveCfg = Debug|Any CPU
		{BD8C208D-E222-4BAC-BCDD-406DF10A79EF}.Debug|Any CPU.Build.0 = Debug|Any CPU
		{BD8C208D-E222-4BAC-BCDD-406DF10A79EF}.Release|Any CPU.ActiveCfg = Release|Any CPU
		{BD8C208D-E222-4BAC-BCDD-406DF10A79EF}.Release|Any CPU.Build.0 = Release|Any CPU
		{50C95DE2-0D59-485A-8FED-46BA25B9A1E7}.Debug|Any CPU.ActiveCfg = Debug|Any CPU
		{50C95DE2-0D59-485A-8FED-46BA25B9A1E7}.Debug|Any CPU.Build.0 = Debug|Any CPU
		{50C95DE2-0D59-485A-8FED-46BA25B9A1E7}.Release|Any CPU.ActiveCfg = Release|Any CPU
		{50C95DE2-0D59-485A-8FED-46BA25B9A1E7}.Release|Any CPU.Build.0 = Release|Any CPU
		{7D2D2D2F-6C84-493E-91ED-B33B4F548E09}.Debug|Any CPU.ActiveCfg = Debug|Any CPU
		{7D2D2D2F-6C84-493E-91ED-B33B4F548E09}.Debug|Any CPU.Build.0 = Debug|Any CPU
		{7D2D2D2F-6C84-493E-91ED-B33B4F548E09}.Release|Any CPU.ActiveCfg = Release|Any CPU
		{7D2D2D2F-6C84-493E-91ED-B33B4F548E09}.Release|Any CPU.Build.0 = Release|Any CPU
		{45A3D99D-3A26-4E3A-BBAA-A26119DE0B6A}.Debug|Any CPU.ActiveCfg = Debug|Any CPU
		{45A3D99D-3A26-4E3A-BBAA-A26119DE0B6A}.Debug|Any CPU.Build.0 = Debug|Any CPU
		{45A3D99D-3A26-4E3A-BBAA-A26119DE0B6A}.Release|Any CPU.ActiveCfg = Release|Any CPU
		{45A3D99D-3A26-4E3A-BBAA-A26119DE0B6A}.Release|Any CPU.Build.0 = Release|Any CPU
		{16A089C2-8C23-428C-BC90-21E5CF2F3E9A}.Debug|Any CPU.ActiveCfg = Debug|Any CPU
		{16A089C2-8C23-428C-BC90-21E5CF2F3E9A}.Debug|Any CPU.Build.0 = Debug|Any CPU
		{16A089C2-8C23-428C-BC90-21E5CF2F3E9A}.Release|Any CPU.ActiveCfg = Release|Any CPU
		{16A089C2-8C23-428C-BC90-21E5CF2F3E9A}.Release|Any CPU.Build.0 = Release|Any CPU
		{4AB0A973-2A75-4DC3-A34D-5F53164B87E5}.Debug|Any CPU.ActiveCfg = Debug|Any CPU
		{4AB0A973-2A75-4DC3-A34D-5F53164B87E5}.Debug|Any CPU.Build.0 = Debug|Any CPU
		{4AB0A973-2A75-4DC3-A34D-5F53164B87E5}.Release|Any CPU.ActiveCfg = Release|Any CPU
		{4AB0A973-2A75-4DC3-A34D-5F53164B87E5}.Release|Any CPU.Build.0 = Release|Any CPU
		{2F33CCA6-88DB-4BE2-A752-9D9FC2CB3267}.Debug|Any CPU.ActiveCfg = Debug|Any CPU
		{2F33CCA6-88DB-4BE2-A752-9D9FC2CB3267}.Debug|Any CPU.Build.0 = Debug|Any CPU
		{2F33CCA6-88DB-4BE2-A752-9D9FC2CB3267}.Release|Any CPU.ActiveCfg = Release|Any CPU
		{2F33CCA6-88DB-4BE2-A752-9D9FC2CB3267}.Release|Any CPU.Build.0 = Release|Any CPU
		{35053CD3-BF48-4FCC-811D-3CA30B7298B5}.Debug|Any CPU.ActiveCfg = Debug|Any CPU
		{35053CD3-BF48-4FCC-811D-3CA30B7298B5}.Debug|Any CPU.Build.0 = Debug|Any CPU
		{35053CD3-BF48-4FCC-811D-3CA30B7298B5}.Release|Any CPU.ActiveCfg = Release|Any CPU
		{35053CD3-BF48-4FCC-811D-3CA30B7298B5}.Release|Any CPU.Build.0 = Release|Any CPU
		{362E540B-D277-42CE-9ADD-1CF78872CEB0}.Debug|Any CPU.ActiveCfg = Debug|Any CPU
		{362E540B-D277-42CE-9ADD-1CF78872CEB0}.Debug|Any CPU.Build.0 = Debug|Any CPU
		{362E540B-D277-42CE-9ADD-1CF78872CEB0}.Release|Any CPU.ActiveCfg = Release|Any CPU
		{362E540B-D277-42CE-9ADD-1CF78872CEB0}.Release|Any CPU.Build.0 = Release|Any CPU
		{9A80C299-77F3-40BC-A776-83CE6B3C0181}.Debug|Any CPU.ActiveCfg = Debug|Any CPU
		{9A80C299-77F3-40BC-A776-83CE6B3C0181}.Debug|Any CPU.Build.0 = Debug|Any CPU
		{9A80C299-77F3-40BC-A776-83CE6B3C0181}.Release|Any CPU.ActiveCfg = Release|Any CPU
		{9A80C299-77F3-40BC-A776-83CE6B3C0181}.Release|Any CPU.Build.0 = Release|Any CPU
		{942978E8-F234-4606-938B-BF5F24B15778}.Debug|Any CPU.ActiveCfg = Debug|Any CPU
		{942978E8-F234-4606-938B-BF5F24B15778}.Debug|Any CPU.Build.0 = Debug|Any CPU
		{942978E8-F234-4606-938B-BF5F24B15778}.Release|Any CPU.ActiveCfg = Release|Any CPU
		{942978E8-F234-4606-938B-BF5F24B15778}.Release|Any CPU.Build.0 = Release|Any CPU
		{AB9CEA3B-895E-47E2-AAAE-2D31CB01ABEF}.Debug|Any CPU.ActiveCfg = Debug|Any CPU
		{AB9CEA3B-895E-47E2-AAAE-2D31CB01ABEF}.Debug|Any CPU.Build.0 = Debug|Any CPU
		{AB9CEA3B-895E-47E2-AAAE-2D31CB01ABEF}.Release|Any CPU.ActiveCfg = Release|Any CPU
		{AB9CEA3B-895E-47E2-AAAE-2D31CB01ABEF}.Release|Any CPU.Build.0 = Release|Any CPU
		{2583A2A7-88A8-495B-A9BD-C1DB6A009577}.Debug|Any CPU.ActiveCfg = Debug|Any CPU
		{2583A2A7-88A8-495B-A9BD-C1DB6A009577}.Debug|Any CPU.Build.0 = Debug|Any CPU
		{2583A2A7-88A8-495B-A9BD-C1DB6A009577}.Release|Any CPU.ActiveCfg = Release|Any CPU
		{2583A2A7-88A8-495B-A9BD-C1DB6A009577}.Release|Any CPU.Build.0 = Release|Any CPU
		{412F1AAC-2F41-4565-9238-4C561526BCAC}.Debug|Any CPU.ActiveCfg = Debug|Any CPU
		{412F1AAC-2F41-4565-9238-4C561526BCAC}.Debug|Any CPU.Build.0 = Debug|Any CPU
		{412F1AAC-2F41-4565-9238-4C561526BCAC}.Release|Any CPU.ActiveCfg = Release|Any CPU
		{412F1AAC-2F41-4565-9238-4C561526BCAC}.Release|Any CPU.Build.0 = Release|Any CPU
		{40565033-7546-4B9B-AC81-DEE5CDFEE32B}.Debug|Any CPU.ActiveCfg = Debug|Any CPU
		{40565033-7546-4B9B-AC81-DEE5CDFEE32B}.Debug|Any CPU.Build.0 = Debug|Any CPU
		{40565033-7546-4B9B-AC81-DEE5CDFEE32B}.Release|Any CPU.ActiveCfg = Release|Any CPU
		{40565033-7546-4B9B-AC81-DEE5CDFEE32B}.Release|Any CPU.Build.0 = Release|Any CPU
		{9C119C1F-4D1E-445E-9CBA-90D7E3890B2C}.Debug|Any CPU.ActiveCfg = Debug|Any CPU
		{9C119C1F-4D1E-445E-9CBA-90D7E3890B2C}.Debug|Any CPU.Build.0 = Debug|Any CPU
		{9C119C1F-4D1E-445E-9CBA-90D7E3890B2C}.Release|Any CPU.ActiveCfg = Release|Any CPU
		{9C119C1F-4D1E-445E-9CBA-90D7E3890B2C}.Release|Any CPU.Build.0 = Release|Any CPU
		{F81BA357-237A-4049-9F42-D57A94B6D25C}.Debug|Any CPU.ActiveCfg = Debug|Any CPU
		{F81BA357-237A-4049-9F42-D57A94B6D25C}.Debug|Any CPU.Build.0 = Debug|Any CPU
		{F81BA357-237A-4049-9F42-D57A94B6D25C}.Release|Any CPU.ActiveCfg = Release|Any CPU
		{F81BA357-237A-4049-9F42-D57A94B6D25C}.Release|Any CPU.Build.0 = Release|Any CPU
		{48D5876C-33E1-4598-9E96-04BE11415FEE}.Debug|Any CPU.ActiveCfg = Debug|Any CPU
		{48D5876C-33E1-4598-9E96-04BE11415FEE}.Debug|Any CPU.Build.0 = Debug|Any CPU
		{48D5876C-33E1-4598-9E96-04BE11415FEE}.Release|Any CPU.ActiveCfg = Release|Any CPU
		{48D5876C-33E1-4598-9E96-04BE11415FEE}.Release|Any CPU.Build.0 = Release|Any CPU
		{D2317CDD-1939-4402-8A7F-5303981EB8DC}.Debug|Any CPU.ActiveCfg = Debug|Any CPU
		{D2317CDD-1939-4402-8A7F-5303981EB8DC}.Debug|Any CPU.Build.0 = Debug|Any CPU
		{D2317CDD-1939-4402-8A7F-5303981EB8DC}.Release|Any CPU.ActiveCfg = Release|Any CPU
		{D2317CDD-1939-4402-8A7F-5303981EB8DC}.Release|Any CPU.Build.0 = Release|Any CPU
		{EA752FC4-12BE-4015-82F4-3BA77795E7A7}.Debug|Any CPU.ActiveCfg = Debug|Any CPU
		{EA752FC4-12BE-4015-82F4-3BA77795E7A7}.Debug|Any CPU.Build.0 = Debug|Any CPU
		{EA752FC4-12BE-4015-82F4-3BA77795E7A7}.Release|Any CPU.ActiveCfg = Release|Any CPU
		{EA752FC4-12BE-4015-82F4-3BA77795E7A7}.Release|Any CPU.Build.0 = Release|Any CPU
		{CB63DB11-054C-4421-A770-8696572176F6}.Debug|Any CPU.ActiveCfg = Debug|Any CPU
		{CB63DB11-054C-4421-A770-8696572176F6}.Debug|Any CPU.Build.0 = Debug|Any CPU
		{CB63DB11-054C-4421-A770-8696572176F6}.Release|Any CPU.ActiveCfg = Release|Any CPU
		{CB63DB11-054C-4421-A770-8696572176F6}.Release|Any CPU.Build.0 = Release|Any CPU
		{52DBBD3D-C47B-42FB-B015-9E880C9A93DA}.Debug|Any CPU.ActiveCfg = Debug|Any CPU
		{52DBBD3D-C47B-42FB-B015-9E880C9A93DA}.Debug|Any CPU.Build.0 = Debug|Any CPU
		{52DBBD3D-C47B-42FB-B015-9E880C9A93DA}.Release|Any CPU.ActiveCfg = Release|Any CPU
		{52DBBD3D-C47B-42FB-B015-9E880C9A93DA}.Release|Any CPU.Build.0 = Release|Any CPU
		{CA6BA573-4B27-43F3-9466-1419BF5A4D6A}.Debug|Any CPU.ActiveCfg = Debug|Any CPU
		{CA6BA573-4B27-43F3-9466-1419BF5A4D6A}.Debug|Any CPU.Build.0 = Debug|Any CPU
		{CA6BA573-4B27-43F3-9466-1419BF5A4D6A}.Release|Any CPU.ActiveCfg = Release|Any CPU
		{CA6BA573-4B27-43F3-9466-1419BF5A4D6A}.Release|Any CPU.Build.0 = Release|Any CPU
		{97FCB349-4F03-4B3C-88E7-C027B16182F1}.Debug|Any CPU.ActiveCfg = Debug|Any CPU
		{97FCB349-4F03-4B3C-88E7-C027B16182F1}.Debug|Any CPU.Build.0 = Debug|Any CPU
		{97FCB349-4F03-4B3C-88E7-C027B16182F1}.Release|Any CPU.ActiveCfg = Release|Any CPU
		{97FCB349-4F03-4B3C-88E7-C027B16182F1}.Release|Any CPU.Build.0 = Release|Any CPU
		{65053E63-96AE-47DA-8F03-29D4942203B1}.Debug|Any CPU.ActiveCfg = Debug|Any CPU
		{65053E63-96AE-47DA-8F03-29D4942203B1}.Debug|Any CPU.Build.0 = Debug|Any CPU
		{65053E63-96AE-47DA-8F03-29D4942203B1}.Release|Any CPU.ActiveCfg = Release|Any CPU
		{65053E63-96AE-47DA-8F03-29D4942203B1}.Release|Any CPU.Build.0 = Release|Any CPU
		{1D0FC873-F4BE-4BD5-BFBA-13590C786F8F}.Debug|Any CPU.ActiveCfg = Debug|Any CPU
		{1D0FC873-F4BE-4BD5-BFBA-13590C786F8F}.Debug|Any CPU.Build.0 = Debug|Any CPU
		{1D0FC873-F4BE-4BD5-BFBA-13590C786F8F}.Release|Any CPU.ActiveCfg = Release|Any CPU
		{1D0FC873-F4BE-4BD5-BFBA-13590C786F8F}.Release|Any CPU.Build.0 = Release|Any CPU
		{0294087F-6BB8-4C39-8A72-8A930E68495E}.Debug|Any CPU.ActiveCfg = Debug|Any CPU
		{0294087F-6BB8-4C39-8A72-8A930E68495E}.Debug|Any CPU.Build.0 = Debug|Any CPU
		{0294087F-6BB8-4C39-8A72-8A930E68495E}.Release|Any CPU.ActiveCfg = Release|Any CPU
		{0294087F-6BB8-4C39-8A72-8A930E68495E}.Release|Any CPU.Build.0 = Release|Any CPU
		{46123028-DFA6-40BF-941B-5C40C218E8DC}.Debug|Any CPU.ActiveCfg = Debug|Any CPU
		{46123028-DFA6-40BF-941B-5C40C218E8DC}.Debug|Any CPU.Build.0 = Debug|Any CPU
		{46123028-DFA6-40BF-941B-5C40C218E8DC}.Release|Any CPU.ActiveCfg = Release|Any CPU
		{46123028-DFA6-40BF-941B-5C40C218E8DC}.Release|Any CPU.Build.0 = Release|Any CPU
		{F98FBA02-0F14-445C-BF1D-FC40E16376B5}.Debug|Any CPU.ActiveCfg = Debug|Any CPU
		{F98FBA02-0F14-445C-BF1D-FC40E16376B5}.Debug|Any CPU.Build.0 = Debug|Any CPU
		{F98FBA02-0F14-445C-BF1D-FC40E16376B5}.Release|Any CPU.ActiveCfg = Release|Any CPU
		{F98FBA02-0F14-445C-BF1D-FC40E16376B5}.Release|Any CPU.Build.0 = Release|Any CPU
		{F7F294E7-306E-4D81-A29B-9BCA174C7930}.Debug|Any CPU.ActiveCfg = Debug|Any CPU
		{F7F294E7-306E-4D81-A29B-9BCA174C7930}.Debug|Any CPU.Build.0 = Debug|Any CPU
		{F7F294E7-306E-4D81-A29B-9BCA174C7930}.Release|Any CPU.ActiveCfg = Release|Any CPU
		{F7F294E7-306E-4D81-A29B-9BCA174C7930}.Release|Any CPU.Build.0 = Release|Any CPU
		{4C275CA2-D631-4C54-897C-7233AE8E4761}.Debug|Any CPU.ActiveCfg = Debug|Any CPU
		{4C275CA2-D631-4C54-897C-7233AE8E4761}.Debug|Any CPU.Build.0 = Debug|Any CPU
		{4C275CA2-D631-4C54-897C-7233AE8E4761}.Release|Any CPU.ActiveCfg = Release|Any CPU
		{4C275CA2-D631-4C54-897C-7233AE8E4761}.Release|Any CPU.Build.0 = Release|Any CPU
		{45030C1D-534F-46F2-BEA4-6F9E3F169545}.Debug|Any CPU.ActiveCfg = Debug|Any CPU
		{45030C1D-534F-46F2-BEA4-6F9E3F169545}.Debug|Any CPU.Build.0 = Debug|Any CPU
		{45030C1D-534F-46F2-BEA4-6F9E3F169545}.Release|Any CPU.ActiveCfg = Release|Any CPU
		{45030C1D-534F-46F2-BEA4-6F9E3F169545}.Release|Any CPU.Build.0 = Release|Any CPU
		{0E59B297-E7D7-4FBD-BEED-A1366BF36258}.Debug|Any CPU.ActiveCfg = Debug|Any CPU
		{0E59B297-E7D7-4FBD-BEED-A1366BF36258}.Debug|Any CPU.Build.0 = Debug|Any CPU
		{0E59B297-E7D7-4FBD-BEED-A1366BF36258}.Release|Any CPU.ActiveCfg = Release|Any CPU
		{0E59B297-E7D7-4FBD-BEED-A1366BF36258}.Release|Any CPU.Build.0 = Release|Any CPU
		{C4EACA49-3FBB-4B1D-B935-ABCA1E0865D7}.Debug|Any CPU.ActiveCfg = Debug|Any CPU
		{C4EACA49-3FBB-4B1D-B935-ABCA1E0865D7}.Debug|Any CPU.Build.0 = Debug|Any CPU
		{C4EACA49-3FBB-4B1D-B935-ABCA1E0865D7}.Release|Any CPU.ActiveCfg = Release|Any CPU
		{C4EACA49-3FBB-4B1D-B935-ABCA1E0865D7}.Release|Any CPU.Build.0 = Release|Any CPU
		{EA736791-BA76-48FA-B0B3-9CE8145011D2}.Debug|Any CPU.ActiveCfg = Debug|Any CPU
		{EA736791-BA76-48FA-B0B3-9CE8145011D2}.Debug|Any CPU.Build.0 = Debug|Any CPU
		{EA736791-BA76-48FA-B0B3-9CE8145011D2}.Release|Any CPU.ActiveCfg = Release|Any CPU
		{EA736791-BA76-48FA-B0B3-9CE8145011D2}.Release|Any CPU.Build.0 = Release|Any CPU
		{0BBF7AB2-CB6C-4B3B-AB5D-413AFBC5E4F7}.Debug|Any CPU.ActiveCfg = Debug|Any CPU
		{0BBF7AB2-CB6C-4B3B-AB5D-413AFBC5E4F7}.Debug|Any CPU.Build.0 = Debug|Any CPU
		{0BBF7AB2-CB6C-4B3B-AB5D-413AFBC5E4F7}.Release|Any CPU.ActiveCfg = Release|Any CPU
		{0BBF7AB2-CB6C-4B3B-AB5D-413AFBC5E4F7}.Release|Any CPU.Build.0 = Release|Any CPU
		{12A4A748-328C-4B81-AEA8-3604345FF23B}.Debug|Any CPU.ActiveCfg = Debug|Any CPU
		{12A4A748-328C-4B81-AEA8-3604345FF23B}.Debug|Any CPU.Build.0 = Debug|Any CPU
		{12A4A748-328C-4B81-AEA8-3604345FF23B}.Release|Any CPU.ActiveCfg = Release|Any CPU
		{12A4A748-328C-4B81-AEA8-3604345FF23B}.Release|Any CPU.Build.0 = Release|Any CPU
		{49349CFE-8870-4C08-93D1-8C138CFB28F0}.Debug|Any CPU.ActiveCfg = Debug|Any CPU
		{49349CFE-8870-4C08-93D1-8C138CFB28F0}.Debug|Any CPU.Build.0 = Debug|Any CPU
		{49349CFE-8870-4C08-93D1-8C138CFB28F0}.Release|Any CPU.ActiveCfg = Release|Any CPU
		{49349CFE-8870-4C08-93D1-8C138CFB28F0}.Release|Any CPU.Build.0 = Release|Any CPU
		{92E8E8CE-D1B1-4BAB-B2F0-EA07A7E87322}.Debug|Any CPU.ActiveCfg = Debug|Any CPU
		{92E8E8CE-D1B1-4BAB-B2F0-EA07A7E87322}.Debug|Any CPU.Build.0 = Debug|Any CPU
		{92E8E8CE-D1B1-4BAB-B2F0-EA07A7E87322}.Release|Any CPU.ActiveCfg = Release|Any CPU
		{92E8E8CE-D1B1-4BAB-B2F0-EA07A7E87322}.Release|Any CPU.Build.0 = Release|Any CPU
		{A9171E4D-9A3D-4B89-B492-AFC3C8D4D6C4}.Debug|Any CPU.ActiveCfg = Debug|Any CPU
		{A9171E4D-9A3D-4B89-B492-AFC3C8D4D6C4}.Debug|Any CPU.Build.0 = Debug|Any CPU
		{A9171E4D-9A3D-4B89-B492-AFC3C8D4D6C4}.Release|Any CPU.ActiveCfg = Release|Any CPU
		{A9171E4D-9A3D-4B89-B492-AFC3C8D4D6C4}.Release|Any CPU.Build.0 = Release|Any CPU
		{2235B97C-6F5A-4CA8-AAA0-73AB9727E9C9}.Debug|Any CPU.ActiveCfg = Debug|Any CPU
		{2235B97C-6F5A-4CA8-AAA0-73AB9727E9C9}.Debug|Any CPU.Build.0 = Debug|Any CPU
		{2235B97C-6F5A-4CA8-AAA0-73AB9727E9C9}.Release|Any CPU.ActiveCfg = Release|Any CPU
		{2235B97C-6F5A-4CA8-AAA0-73AB9727E9C9}.Release|Any CPU.Build.0 = Release|Any CPU
		{22209F03-BB69-4477-B4CA-46A55E45E806}.Debug|Any CPU.ActiveCfg = Debug|Any CPU
		{22209F03-BB69-4477-B4CA-46A55E45E806}.Debug|Any CPU.Build.0 = Debug|Any CPU
		{22209F03-BB69-4477-B4CA-46A55E45E806}.Release|Any CPU.ActiveCfg = Release|Any CPU
		{22209F03-BB69-4477-B4CA-46A55E45E806}.Release|Any CPU.Build.0 = Release|Any CPU
		{99B54DD4-5FD7-4E50-A6B0-1839AC1359B9}.Debug|Any CPU.ActiveCfg = Debug|Any CPU
		{99B54DD4-5FD7-4E50-A6B0-1839AC1359B9}.Debug|Any CPU.Build.0 = Debug|Any CPU
		{99B54DD4-5FD7-4E50-A6B0-1839AC1359B9}.Release|Any CPU.ActiveCfg = Release|Any CPU
		{99B54DD4-5FD7-4E50-A6B0-1839AC1359B9}.Release|Any CPU.Build.0 = Release|Any CPU
		{0CC8A762-30F7-4808-B491-98A8E1564F49}.Debug|Any CPU.ActiveCfg = Debug|Any CPU
		{0CC8A762-30F7-4808-B491-98A8E1564F49}.Debug|Any CPU.Build.0 = Debug|Any CPU
		{0CC8A762-30F7-4808-B491-98A8E1564F49}.Release|Any CPU.ActiveCfg = Release|Any CPU
		{0CC8A762-30F7-4808-B491-98A8E1564F49}.Release|Any CPU.Build.0 = Release|Any CPU
		{27836095-13E2-448A-AD68-5320E9601AF8}.Debug|Any CPU.ActiveCfg = Debug|Any CPU
		{27836095-13E2-448A-AD68-5320E9601AF8}.Debug|Any CPU.Build.0 = Debug|Any CPU
		{27836095-13E2-448A-AD68-5320E9601AF8}.Release|Any CPU.ActiveCfg = Release|Any CPU
		{27836095-13E2-448A-AD68-5320E9601AF8}.Release|Any CPU.Build.0 = Release|Any CPU
		{CE0FB877-D504-496E-BDB6-80386ABDE829}.Debug|Any CPU.ActiveCfg = Debug|Any CPU
		{CE0FB877-D504-496E-BDB6-80386ABDE829}.Debug|Any CPU.Build.0 = Debug|Any CPU
		{CE0FB877-D504-496E-BDB6-80386ABDE829}.Release|Any CPU.ActiveCfg = Release|Any CPU
		{CE0FB877-D504-496E-BDB6-80386ABDE829}.Release|Any CPU.Build.0 = Release|Any CPU
	EndGlobalSection
	GlobalSection(SolutionProperties) = preSolution
		HideSolutionNode = FALSE
	EndGlobalSection
	GlobalSection(ExtensibilityGlobals) = postSolution
		SolutionGuid = {AB382E79-B1E0-4104-A002-6101A58D6371}
	EndGlobalSection
EndGlobal
