
Microsoft Visual Studio Solution File, Format Version 12.00
# Visual Studio Version 17
VisualStudioVersion = 17.12.35707.178
MinimumVisualStudioVersion = 10.0.40219.1
Project("{FAE04EC0-301F-11D3-BF4B-00C04F79EFBC}") = "Task1_1", "Task1_1\Task1_1.csproj", "{2453BB07-57B6-4871-95FA-F10FFD591531}"
EndProject
Project("{FAE04EC0-301F-11D3-BF4B-00C04F79EFBC}") = "Task2_1", "Task2_1\Task2_1.csproj", "{EAED119A-A563-41AA-987A-430BD35DD159}"
EndProject
Project("{FAE04EC0-301F-11D3-BF4B-00C04F79EFBC}") = "Task2_2", "Task2_2\Task2_2.csproj", "{FD8BAAEC-F2F6-4644-8963-2907A230EB6F}"
EndProject
Project("{FAE04EC0-301F-11D3-BF4B-00C04F79EFBC}") = "Task2_3", "Task2_3\Task2_3.csproj", "{8FA3C222-F9FF-4F80-A4F6-1F6591CDD483}"
EndProject
Global
	GlobalSection(SolutionConfigurationPlatforms) = preSolution
		Debug|Any CPU = Debug|Any CPU
		Release|Any CPU = Release|Any CPU
	EndGlobalSection
	GlobalSection(ProjectConfigurationPlatforms) = postSolution
		{2453BB07-57B6-4871-95FA-F10FFD591531}.Debug|Any CPU.ActiveCfg = Debug|Any CPU
		{2453BB07-57B6-4871-95FA-F10FFD591531}.Debug|Any CPU.Build.0 = Debug|Any CPU
		{2453BB07-57B6-4871-95FA-F10FFD591531}.Release|Any CPU.ActiveCfg = Release|Any CPU
		{2453BB07-57B6-4871-95FA-F10FFD591531}.Release|Any CPU.Build.0 = Release|Any CPU
		{EAED119A-A563-41AA-987A-430BD35DD159}.Debug|Any CPU.ActiveCfg = Debug|Any CPU
		{EAED119A-A563-41AA-987A-430BD35DD159}.Debug|Any CPU.Build.0 = Debug|Any CPU
		{EAED119A-A563-41AA-987A-430BD35DD159}.Release|Any CPU.ActiveCfg = Release|Any CPU
		{EAED119A-A563-41AA-987A-430BD35DD159}.Release|Any CPU.Build.0 = Release|Any CPU
		{FD8BAAEC-F2F6-4644-8963-2907A230EB6F}.Debug|Any CPU.ActiveCfg = Debug|Any CPU
		{FD8BAAEC-F2F6-4644-8963-2907A230EB6F}.Debug|Any CPU.Build.0 = Debug|Any CPU
		{FD8BAAEC-F2F6-4644-8963-2907A230EB6F}.Release|Any CPU.ActiveCfg = Release|Any CPU
		{FD8BAAEC-F2F6-4644-8963-2907A230EB6F}.Release|Any CPU.Build.0 = Release|Any CPU
		{8FA3C222-F9FF-4F80-A4F6-1F6591CDD483}.Debug|Any CPU.ActiveCfg = Debug|Any CPU
		{8FA3C222-F9FF-4F80-A4F6-1F6591CDD483}.Debug|Any CPU.Build.0 = Debug|Any CPU
		{8FA3C222-F9FF-4F80-A4F6-1F6591CDD483}.Release|Any CPU.ActiveCfg = Release|Any CPU
		{8FA3C222-F9FF-4F80-A4F6-1F6591CDD483}.Release|Any CPU.Build.0 = Release|Any CPU
	EndGlobalSection
	GlobalSection(SolutionProperties) = preSolution
		HideSolutionNode = FALSE
	EndGlobalSection
EndGlobal
